
Microsoft Visual Studio Solution File, Format Version 12.00
# Visual Studio Version 17
VisualStudioVersion = 17.4.32916.344
MinimumVisualStudioVersion = 10.0.40219.1
Project("{FAE04EC0-301F-11D3-BF4B-00C04F79EFBC}") = "VRCScraperWPF", "VRCScraperWPF.csproj", "{EDDD00BF-571D-4A3D-978A-1770364FAA37}"
EndProject
Global
	GlobalSection(SolutionConfigurationPlatforms) = preSolution
		Debug|Any CPU = Debug|Any CPU
		Release|Any CPU = Release|Any CPU
	EndGlobalSection
	GlobalSection(ProjectConfigurationPlatforms) = postSolution
		{EDDD00BF-571D-4A3D-978A-1770364FAA37}.Debug|Any CPU.ActiveCfg = Debug|Any CPU
		{EDDD00BF-571D-4A3D-978A-1770364FAA37}.Debug|Any CPU.Build.0 = Debug|Any CPU
		{EDDD00BF-571D-4A3D-978A-1770364FAA37}.Release|Any CPU.ActiveCfg = Release|Any CPU
		{EDDD00BF-571D-4A3D-978A-1770364FAA37}.Release|Any CPU.Build.0 = Release|Any CPU
	EndGlobalSection
	GlobalSection(SolutionProperties) = preSolution
		HideSolutionNode = FALSE
	EndGlobalSection
	GlobalSection(ExtensibilityGlobals) = postSolution
		SolutionGuid = {7F3071A2-9549-4EBD-9B3E-94E9134555AF}
	EndGlobalSection
EndGlobal
